
Microsoft Visual Studio Solution File, Format Version 12.00
# Visual Studio Version 17
VisualStudioVersion = 17.3.32901.215
MinimumVisualStudioVersion = 10.0.40219.1
Project("{9A19103F-16F7-4668-BE54-9A1E7A4F7556}") = "WpfCronometro", "WpfCronometro\WpfCronometro.csproj", "{B0365D23-AC2B-4605-992F-84BB8918D54A}"
EndProject
Project("{FAE04EC0-301F-11D3-BF4B-00C04F79EFBC}") = "WpfServices", "WpfService\WpfServices.csproj", "{9F5B86D7-F66B-4156-A904-48D495B498C5}"
EndProject
Global
	GlobalSection(SolutionConfigurationPlatforms) = preSolution
		Debug|Any CPU = Debug|Any CPU
		Release|Any CPU = Release|Any CPU
	EndGlobalSection
	GlobalSection(ProjectConfigurationPlatforms) = postSolution
		{B0365D23-AC2B-4605-992F-84BB8918D54A}.Debug|Any CPU.ActiveCfg = Debug|Any CPU
		{B0365D23-AC2B-4605-992F-84BB8918D54A}.Debug|Any CPU.Build.0 = Debug|Any CPU
		{B0365D23-AC2B-4605-992F-84BB8918D54A}.Release|Any CPU.ActiveCfg = Release|Any CPU
		{B0365D23-AC2B-4605-992F-84BB8918D54A}.Release|Any CPU.Build.0 = Release|Any CPU
		{9F5B86D7-F66B-4156-A904-48D495B498C5}.Debug|Any CPU.ActiveCfg = Debug|Any CPU
		{9F5B86D7-F66B-4156-A904-48D495B498C5}.Debug|Any CPU.Build.0 = Debug|Any CPU
		{9F5B86D7-F66B-4156-A904-48D495B498C5}.Release|Any CPU.ActiveCfg = Release|Any CPU
		{9F5B86D7-F66B-4156-A904-48D495B498C5}.Release|Any CPU.Build.0 = Release|Any CPU
	EndGlobalSection
	GlobalSection(SolutionProperties) = preSolution
		HideSolutionNode = FALSE
	EndGlobalSection
	GlobalSection(ExtensibilityGlobals) = postSolution
		SolutionGuid = {BAFCB9BD-7635-4A91-ADA6-38B4AC6A1519}
	EndGlobalSection
EndGlobal
